
Microsoft Visual Studio Solution File, Format Version 12.00
# Visual Studio 14
VisualStudioVersion = 14.0.25123.0
MinimumVisualStudioVersion = 10.0.40219.1
Project("{FAE04EC0-301F-11D3-BF4B-00C04F79EFBC}") = "RaceManager.UI", "RaceManager.UI\RaceManager.UI.csproj", "{B4C43E72-D42C-4E5F-A4C9-189651BDCAB1}"
	ProjectSection(ProjectDependencies) = postProject
		{15CB284A-5B11-448F-B31C-F17DD860F729} = {15CB284A-5B11-448F-B31C-F17DD860F729}
	EndProjectSection
EndProject
Project("{FAE04EC0-301F-11D3-BF4B-00C04F79EFBC}") = "CustomControl", "CustomControl\CustomControl.csproj", "{3022476E-CEF0-48D4-B76D-5AA42F4DD121}"
EndProject
Project("{FAE04EC0-301F-11D3-BF4B-00C04F79EFBC}") = "Reader", "Reader\Reader.csproj", "{26B6AAEE-3512-42D9-835E-EA9B4A699CB4}"
EndProject
Project("{FAE04EC0-301F-11D3-BF4B-00C04F79EFBC}") = "RaceManager.Data", "RaceManager.Data\RaceManager.Data.csproj", "{15CB284A-5B11-448F-B31C-F17DD860F729}"
EndProject
Global
	GlobalSection(SolutionConfigurationPlatforms) = preSolution
		Debug|Any CPU = Debug|Any CPU
		Debug|x86 = Debug|x86
		Release|Any CPU = Release|Any CPU
		Release|x86 = Release|x86
	EndGlobalSection
	GlobalSection(ProjectConfigurationPlatforms) = postSolution
		{B4C43E72-D42C-4E5F-A4C9-189651BDCAB1}.Debug|Any CPU.ActiveCfg = Debug|Any CPU
		{B4C43E72-D42C-4E5F-A4C9-189651BDCAB1}.Debug|Any CPU.Build.0 = Debug|Any CPU
		{B4C43E72-D42C-4E5F-A4C9-189651BDCAB1}.Debug|x86.ActiveCfg = Debug|x86
		{B4C43E72-D42C-4E5F-A4C9-189651BDCAB1}.Debug|x86.Build.0 = Debug|x86
		{B4C43E72-D42C-4E5F-A4C9-189651BDCAB1}.Release|Any CPU.ActiveCfg = Release|Any CPU
		{B4C43E72-D42C-4E5F-A4C9-189651BDCAB1}.Release|Any CPU.Build.0 = Release|Any CPU
		{B4C43E72-D42C-4E5F-A4C9-189651BDCAB1}.Release|x86.ActiveCfg = Release|x86
		{B4C43E72-D42C-4E5F-A4C9-189651BDCAB1}.Release|x86.Build.0 = Release|x86
		{3022476E-CEF0-48D4-B76D-5AA42F4DD121}.Debug|Any CPU.ActiveCfg = Debug|Any CPU
		{3022476E-CEF0-48D4-B76D-5AA42F4DD121}.Debug|Any CPU.Build.0 = Debug|Any CPU
		{3022476E-CEF0-48D4-B76D-5AA42F4DD121}.Debug|x86.ActiveCfg = Debug|x86
		{3022476E-CEF0-48D4-B76D-5AA42F4DD121}.Debug|x86.Build.0 = Debug|x86
		{3022476E-CEF0-48D4-B76D-5AA42F4DD121}.Release|Any CPU.ActiveCfg = Release|Any CPU
		{3022476E-CEF0-48D4-B76D-5AA42F4DD121}.Release|Any CPU.Build.0 = Release|Any CPU
		{3022476E-CEF0-48D4-B76D-5AA42F4DD121}.Release|x86.ActiveCfg = Release|x86
		{3022476E-CEF0-48D4-B76D-5AA42F4DD121}.Release|x86.Build.0 = Release|x86
		{26B6AAEE-3512-42D9-835E-EA9B4A699CB4}.Debug|Any CPU.ActiveCfg = Debug|Any CPU
		{26B6AAEE-3512-42D9-835E-EA9B4A699CB4}.Debug|Any CPU.Build.0 = Debug|Any CPU
		{26B6AAEE-3512-42D9-835E-EA9B4A699CB4}.Debug|x86.ActiveCfg = Debug|x86
		{26B6AAEE-3512-42D9-835E-EA9B4A699CB4}.Debug|x86.Build.0 = Debug|x86
		{26B6AAEE-3512-42D9-835E-EA9B4A699CB4}.Release|Any CPU.ActiveCfg = Release|Any CPU
		{26B6AAEE-3512-42D9-835E-EA9B4A699CB4}.Release|Any CPU.Build.0 = Release|Any CPU
		{26B6AAEE-3512-42D9-835E-EA9B4A699CB4}.Release|x86.ActiveCfg = Release|x86
		{26B6AAEE-3512-42D9-835E-EA9B4A699CB4}.Release|x86.Build.0 = Release|x86
		{15CB284A-5B11-448F-B31C-F17DD860F729}.Debug|Any CPU.ActiveCfg = Debug|Any CPU
		{15CB284A-5B11-448F-B31C-F17DD860F729}.Debug|Any CPU.Build.0 = Debug|Any CPU
		{15CB284A-5B11-448F-B31C-F17DD860F729}.Debug|x86.ActiveCfg = Debug|Any CPU
		{15CB284A-5B11-448F-B31C-F17DD860F729}.Debug|x86.Build.0 = Debug|Any CPU
		{15CB284A-5B11-448F-B31C-F17DD860F729}.Release|Any CPU.ActiveCfg = Release|Any CPU
		{15CB284A-5B11-448F-B31C-F17DD860F729}.Release|Any CPU.Build.0 = Release|Any CPU
		{15CB284A-5B11-448F-B31C-F17DD860F729}.Release|x86.ActiveCfg = Release|Any CPU
		{15CB284A-5B11-448F-B31C-F17DD860F729}.Release|x86.Build.0 = Release|Any CPU
	EndGlobalSection
	GlobalSection(SolutionProperties) = preSolution
		HideSolutionNode = FALSE
	EndGlobalSection
EndGlobal
